{
  "version": "1",
  "sources": {
    "nixpkgs": {
      "type": "GitHub",
      "fetchType": "tarball",
      "owner": "nixos",
      "repo": "nixpkgs",
      "branch": "master",
      "revision": "79f626e44d9f8b95de5ff572b1c3de943f8bdca7",
      "url": "https://github.com/nixos/nixpkgs/archive/79f626e44d9f8b95de5ff572b1c3de943f8bdca7.tar.gz",
      "hash": "sha256-EvqCJppUOkXYJIUfcLFJmPkh9dLrMVeMWIAYCkVDaBs="
    },
    "pre-commit": {
      "type": "Git",
      "fetchType": "git",
      "branch": "master",
      "revision": "43b3c1ab9d40fb1dbb008f451988a91e375825e9",
      "url": "https://github.com/cachix/git-hooks.nix",
      "hash": "sha256-ReRHaLgr/uVqdD8afFSn+myXIfpHeOhP0yYe0TJqAA8=",
      "lastModified": 1784288435,
      "submodules": false
    }
  }
}
